github.com/andresbelo12/KernelOS v0.0.8 h1:hfcx9LzLfFdjjuYmGFXP93XKDDlnhnSCbgSfiLC02yg=
github.com/andresbelo12/KernelOS v0.0.8/go.mod h1:3wpTCH6YNd4xRAoGlJAvSlkAt3C7fjPPFvN1tCvNN94=
github.com/andresbelo12/KernelOS v0.0.9 h1:WdVS+EqyrQMU3P2xvvC/ibT/ki2w5bl3eC0CkUDceo8=
github.com/andresbelo12/KernelOS v0.0.9/go.mod h1:3wpTCH6YNd4xRAoGlJAvSlkAt3C7fjPPFvN1tCvNN94=
